// !$*UTF8*$!
{
	archiveVersion = 1;
	classes = {
	};
	objectVersion = 55;
	objects = {

/* Begin PBXBuildFile section */
		6C16B030279AC2C200333D39 /* PhotoFullScrennVC.swift in Sources */ = {isa = PBXBuildFile; fileRef = 6C16B02F279AC2C200333D39 /* PhotoFullScrennVC.swift */; };
		6C42AB702798271F0081ED49 /* StartVC.swift in Sources */ = {isa = PBXBuildFile; fileRef = 6C42AB6F2798271F0081ED49 /* StartVC.swift */; };
		6C473610276D0B4C0074C7B1 /* FriendsTableVC.swift in Sources */ = {isa = PBXBuildFile; fileRef = 6C47360F276D0B4C0074C7B1 /* FriendsTableVC.swift */; };
		6C473612276D0B610074C7B1 /* PhotosCollectionVC.swift in Sources */ = {isa = PBXBuildFile; fileRef = 6C473611276D0B610074C7B1 /* PhotosCollectionVC.swift */; };
		6C473614276D0B890074C7B1 /* GroupsTableVC.swift in Sources */ = {isa = PBXBuildFile; fileRef = 6C473613276D0B890074C7B1 /* GroupsTableVC.swift */; };
		6C473616276D0B9E0074C7B1 /* GroupSearcherTableVC.swift in Sources */ = {isa = PBXBuildFile; fileRef = 6C473615276D0B9E0074C7B1 /* GroupSearcherTableVC.swift */; };
		6C540F0B27A7C20E007D6026 /* CustomSegue.swift in Sources */ = {isa = PBXBuildFile; fileRef = 6C540F0A27A7C20E007D6026 /* CustomSegue.swift */; };
		6C5D331D27B25CD900FDC112 /* Singleton.swift in Sources */ = {isa = PBXBuildFile; fileRef = 6C5D331C27B25CD900FDC112 /* Singleton.swift */; };
		6C5DDA6A2784783F00D831C6 /* GradientView.swift in Sources */ = {isa = PBXBuildFile; fileRef = 6C5DDA692784783F00D831C6 /* GradientView.swift */; };
		6C74FEC42773CAC2006E1694 /* FriendCell.swift in Sources */ = {isa = PBXBuildFile; fileRef = 6C74FEC22773CAC2006E1694 /* FriendCell.swift */; };
		6C74FEC52773CAC2006E1694 /* FriendCell.xib in Resources */ = {isa = PBXBuildFile; fileRef = 6C74FEC32773CAC2006E1694 /* FriendCell.xib */; };
		6C74FEC92774F505006E1694 /* GroupCell.swift in Sources */ = {isa = PBXBuildFile; fileRef = 6C74FEC72774F505006E1694 /* GroupCell.swift */; };
		6C74FECA2774F505006E1694 /* GroupCell.xib in Resources */ = {isa = PBXBuildFile; fileRef = 6C74FEC82774F505006E1694 /* GroupCell.xib */; };
		6C74FED22775A1A9006E1694 /* Group.swift in Sources */ = {isa = PBXBuildFile; fileRef = 6C74FED12775A1A9006E1694 /* Group.swift */; };
		6C74FED42775A1B3006E1694 /* User.swift in Sources */ = {isa = PBXBuildFile; fileRef = 6C74FED32775A1B3006E1694 /* User.swift */; };
		6C74FEDB2778AD61006E1694 /* TestVC.swift in Sources */ = {isa = PBXBuildFile; fileRef = 6C74FEDA2778AD60006E1694 /* TestVC.swift */; };
		6C74FEDE277A49A8006E1694 /* AvatarView.swift in Sources */ = {isa = PBXBuildFile; fileRef = 6C74FEDD277A49A8006E1694 /* AvatarView.swift */; };
		6C9522812792D3BB00B11FF8 /* SomeCollectionReusableView.swift in Sources */ = {isa = PBXBuildFile; fileRef = 6C95227F2792D3BB00B11FF8 /* SomeCollectionReusableView.swift */; };
		6C9522822792D3BB00B11FF8 /* SomeCollectionReusableView.xib in Resources */ = {isa = PBXBuildFile; fileRef = 6C9522802792D3BB00B11FF8 /* SomeCollectionReusableView.xib */; };
		6C952285279303B200B11FF8 /* CustomLayout.swift in Sources */ = {isa = PBXBuildFile; fileRef = 6C952284279303B200B11FF8 /* CustomLayout.swift */; };
		6C952287279343B100B11FF8 /* NewsTableVC.swift in Sources */ = {isa = PBXBuildFile; fileRef = 6C952286279343B100B11FF8 /* NewsTableVC.swift */; };
		6C95228B279349EA00B11FF8 /* AvatarCell.swift in Sources */ = {isa = PBXBuildFile; fileRef = 6C952289279349EA00B11FF8 /* AvatarCell.swift */; };
		6C95228C279349EA00B11FF8 /* AvatarCell.xib in Resources */ = {isa = PBXBuildFile; fileRef = 6C95228A279349EA00B11FF8 /* AvatarCell.xib */; };
		6C95228F279350E400B11FF8 /* DescriptionCell.swift in Sources */ = {isa = PBXBuildFile; fileRef = 6C95228D279350E400B11FF8 /* DescriptionCell.swift */; };
		6C952290279350E400B11FF8 /* DescriptionCell.xib in Resources */ = {isa = PBXBuildFile; fileRef = 6C95228E279350E400B11FF8 /* DescriptionCell.xib */; };
		6C952292279351EB00B11FF8 /* News.swift in Sources */ = {isa = PBXBuildFile; fileRef = 6C952291279351EB00B11FF8 /* News.swift */; };
		6C9522952793641C00B11FF8 /* ImageCell.swift in Sources */ = {isa = PBXBuildFile; fileRef = 6C9522932793641C00B11FF8 /* ImageCell.swift */; };
		6C9522962793641C00B11FF8 /* ImageCell.xib in Resources */ = {isa = PBXBuildFile; fileRef = 6C9522942793641C00B11FF8 /* ImageCell.xib */; };
		6C9522992794191D00B11FF8 /* newsActionsCell.swift in Sources */ = {isa = PBXBuildFile; fileRef = 6C9522972794191D00B11FF8 /* newsActionsCell.swift */; };
		6C95229A2794191D00B11FF8 /* newsActionsCell.xib in Resources */ = {isa = PBXBuildFile; fileRef = 6C9522982794191D00B11FF8 /* newsActionsCell.xib */; };
		6C9CF6AE27A125A7005E0699 /* CustomNavController.swift in Sources */ = {isa = PBXBuildFile; fileRef = 6C9CF6AD27A125A7005E0699 /* CustomNavController.swift */; };
		6C9CF6B027A12C4C005E0699 /* NavigationAnimators.swift in Sources */ = {isa = PBXBuildFile; fileRef = 6C9CF6AF27A12C4C005E0699 /* NavigationAnimators.swift */; };
		6CA868912781DA8900E23E86 /* PhotoItem.swift in Sources */ = {isa = PBXBuildFile; fileRef = 6CA8688F2781DA8900E23E86 /* PhotoItem.swift */; };
		6CA868922781DA8900E23E86 /* PhotoItem.xib in Resources */ = {isa = PBXBuildFile; fileRef = 6CA868902781DA8900E23E86 /* PhotoItem.xib */; };
		6CC9FC84276A546C00728F63 /* AppDelegate.swift in Sources */ = {isa = PBXBuildFile; fileRef = 6CC9FC83276A546C00728F63 /* AppDelegate.swift */; };
		6CC9FC86276A546C00728F63 /* SceneDelegate.swift in Sources */ = {isa = PBXBuildFile; fileRef = 6CC9FC85276A546C00728F63 /* SceneDelegate.swift */; };
		6CC9FC88276A546C00728F63 /* LoginViewController.swift in Sources */ = {isa = PBXBuildFile; fileRef = 6CC9FC87276A546C00728F63 /* LoginViewController.swift */; };
		6CC9FC8B276A546C00728F63 /* Main.storyboard in Resources */ = {isa = PBXBuildFile; fileRef = 6CC9FC89276A546C00728F63 /* Main.storyboard */; };
		6CC9FC8D276A546D00728F63 /* Assets.xcassets in Resources */ = {isa = PBXBuildFile; fileRef = 6CC9FC8C276A546D00728F63 /* Assets.xcassets */; };
		6CC9FC90276A546D00728F63 /* LaunchScreen.storyboard in Resources */ = {isa = PBXBuildFile; fileRef = 6CC9FC8E276A546D00728F63 /* LaunchScreen.storyboard */; };
		6CF2EBF927B669D800F2BABD /* VKLoginVC.swift in Sources */ = {isa = PBXBuildFile; fileRef = 6CF2EBF827B669D800F2BABD /* VKLoginVC.swift */; };
		6CF2EBFB27B7818900F2BABD /* Requests.swift in Sources */ = {isa = PBXBuildFile; fileRef = 6CF2EBFA27B7818900F2BABD /* Requests.swift */; };
		6CF2EC3327B7E06100F2BABD /* Alamofire.framework in Frameworks */ = {isa = PBXBuildFile; fileRef = 6CF2EC2327B7E03600F2BABD /* Alamofire.framework */; };
		6CF2EC3427B7E06100F2BABD /* Alamofire.framework in Embed Frameworks */ = {isa = PBXBuildFile; fileRef = 6CF2EC2327B7E03600F2BABD /* Alamofire.framework */; settings = {ATTRIBUTES = (CodeSignOnCopy, RemoveHeadersOnCopy, ); }; };
/* End PBXBuildFile section */

/* Begin PBXContainerItemProxy section */
		6CF2EC2227B7E03600F2BABD /* PBXContainerItemProxy */ = {
			isa = PBXContainerItemProxy;
			containerPortal = 6CF2EC1727B7E03600F2BABD /* Alamofire.xcodeproj */;
			proxyType = 2;
			remoteGlobalIDString = F8111E3319A95C8B0040E7D1;
			remoteInfo = "Alamofire iOS";
		};
		6CF2EC2427B7E03600F2BABD /* PBXContainerItemProxy */ = {
			isa = PBXContainerItemProxy;
			containerPortal = 6CF2EC1727B7E03600F2BABD /* Alamofire.xcodeproj */;
			proxyType = 2;
			remoteGlobalIDString = F8111E3E19A95C8B0040E7D1;
			remoteInfo = "Alamofire iOS Tests";
		};
		6CF2EC2627B7E03600F2BABD /* PBXContainerItemProxy */ = {
			isa = PBXContainerItemProxy;
			containerPortal = 6CF2EC1727B7E03600F2BABD /* Alamofire.xcodeproj */;
			proxyType = 2;
			remoteGlobalIDString = 4DD67C0B1A5C55C900ED2280;
			remoteInfo = "Alamofire macOS";
		};
		6CF2EC2827B7E03600F2BABD /* PBXContainerItemProxy */ = {
			isa = PBXContainerItemProxy;
			containerPortal = 6CF2EC1727B7E03600F2BABD /* Alamofire.xcodeproj */;
			proxyType = 2;
			remoteGlobalIDString = F829C6B21A7A94F100A2CD59;
			remoteInfo = "Alamofire macOS Tests";
		};
		6CF2EC2A27B7E03600F2BABD /* PBXContainerItemProxy */ = {
			isa = PBXContainerItemProxy;
			containerPortal = 6CF2EC1727B7E03600F2BABD /* Alamofire.xcodeproj */;
			proxyType = 2;
			remoteGlobalIDString = 4CF626EF1BA7CB3E0011A099;
			remoteInfo = "Alamofire tvOS";
		};
		6CF2EC2C27B7E03600F2BABD /* PBXContainerItemProxy */ = {
			isa = PBXContainerItemProxy;
			containerPortal = 6CF2EC1727B7E03600F2BABD /* Alamofire.xcodeproj */;
			proxyType = 2;
			remoteGlobalIDString = 4CF626F81BA7CB3E0011A099;
			remoteInfo = "Alamofire tvOS Tests";
		};
		6CF2EC2E27B7E03600F2BABD /* PBXContainerItemProxy */ = {
			isa = PBXContainerItemProxy;
			containerPortal = 6CF2EC1727B7E03600F2BABD /* Alamofire.xcodeproj */;
			proxyType = 2;
			remoteGlobalIDString = E4202FE01B667AA100C997FB;
			remoteInfo = "Alamofire watchOS";
		};
		6CF2EC3027B7E03600F2BABD /* PBXContainerItemProxy */ = {
			isa = PBXContainerItemProxy;
			containerPortal = 6CF2EC1727B7E03600F2BABD /* Alamofire.xcodeproj */;
			proxyType = 2;
			remoteGlobalIDString = 31293065263E17D600473CEA;
			remoteInfo = "Alamofire watchOS Tests";
		};
/* End PBXContainerItemProxy section */

/* Begin PBXCopyFilesBuildPhase section */
		6CF2EC3527B7E06100F2BABD /* Embed Frameworks */ = {
			isa = PBXCopyFilesBuildPhase;
			buildActionMask = 2147483647;
			dstPath = "";
			dstSubfolderSpec = 10;
			files = (
				6CF2EC3427B7E06100F2BABD /* Alamofire.framework in Embed Frameworks */,
			);
			name = "Embed Frameworks";
			runOnlyForDeploymentPostprocessing = 0;
		};
/* End PBXCopyFilesBuildPhase section */

/* Begin PBXFileReference section */
		6C16B02F279AC2C200333D39 /* PhotoFullScrennVC.swift */ = {isa = PBXFileReference; lastKnownFileType = sourcecode.swift; path = PhotoFullScrennVC.swift; sourceTree = "<group>"; };
		6C42AB6F2798271F0081ED49 /* StartVC.swift */ = {isa = PBXFileReference; lastKnownFileType = sourcecode.swift; path = StartVC.swift; sourceTree = "<group>"; };
		6C47360F276D0B4C0074C7B1 /* FriendsTableVC.swift */ = {isa = PBXFileReference; lastKnownFileType = sourcecode.swift; path = FriendsTableVC.swift; sourceTree = "<group>"; };
		6C473611276D0B610074C7B1 /* PhotosCollectionVC.swift */ = {isa = PBXFileReference; lastKnownFileType = sourcecode.swift; path = PhotosCollectionVC.swift; sourceTree = "<group>"; };
		6C473613276D0B890074C7B1 /* GroupsTableVC.swift */ = {isa = PBXFileReference; lastKnownFileType = sourcecode.swift; path = GroupsTableVC.swift; sourceTree = "<group>"; };
		6C473615276D0B9E0074C7B1 /* GroupSearcherTableVC.swift */ = {isa = PBXFileReference; lastKnownFileType = sourcecode.swift; path = GroupSearcherTableVC.swift; sourceTree = "<group>"; };
		6C540F0A27A7C20E007D6026 /* CustomSegue.swift */ = {isa = PBXFileReference; lastKnownFileType = sourcecode.swift; path = CustomSegue.swift; sourceTree = "<group>"; };
		6C5D331C27B25CD900FDC112 /* Singleton.swift */ = {isa = PBXFileReference; lastKnownFileType = sourcecode.swift; path = Singleton.swift; sourceTree = "<group>"; };
		6C5DDA692784783F00D831C6 /* GradientView.swift */ = {isa = PBXFileReference; lastKnownFileType = sourcecode.swift; path = GradientView.swift; sourceTree = "<group>"; };
		6C74FEC22773CAC2006E1694 /* FriendCell.swift */ = {isa = PBXFileReference; lastKnownFileType = sourcecode.swift; path = FriendCell.swift; sourceTree = "<group>"; };
		6C74FEC32773CAC2006E1694 /* FriendCell.xib */ = {isa = PBXFileReference; lastKnownFileType = file.xib; path = FriendCell.xib; sourceTree = "<group>"; };
		6C74FEC72774F505006E1694 /* GroupCell.swift */ = {isa = PBXFileReference; lastKnownFileType = sourcecode.swift; path = GroupCell.swift; sourceTree = "<group>"; };
		6C74FEC82774F505006E1694 /* GroupCell.xib */ = {isa = PBXFileReference; lastKnownFileType = file.xib; path = GroupCell.xib; sourceTree = "<group>"; };
		6C74FED12775A1A9006E1694 /* Group.swift */ = {isa = PBXFileReference; lastKnownFileType = sourcecode.swift; path = Group.swift; sourceTree = "<group>"; };
		6C74FED32775A1B3006E1694 /* User.swift */ = {isa = PBXFileReference; lastKnownFileType = sourcecode.swift; path = User.swift; sourceTree = "<group>"; };
		6C74FEDA2778AD60006E1694 /* TestVC.swift */ = {isa = PBXFileReference; lastKnownFileType = sourcecode.swift; path = TestVC.swift; sourceTree = "<group>"; };
		6C74FEDD277A49A8006E1694 /* AvatarView.swift */ = {isa = PBXFileReference; lastKnownFileType = sourcecode.swift; path = AvatarView.swift; sourceTree = "<group>"; };
		6C95227F2792D3BB00B11FF8 /* SomeCollectionReusableView.swift */ = {isa = PBXFileReference; lastKnownFileType = sourcecode.swift; path = SomeCollectionReusableView.swift; sourceTree = "<group>"; };
		6C9522802792D3BB00B11FF8 /* SomeCollectionReusableView.xib */ = {isa = PBXFileReference; lastKnownFileType = file.xib; path = SomeCollectionReusableView.xib; sourceTree = "<group>"; };
		6C952284279303B200B11FF8 /* CustomLayout.swift */ = {isa = PBXFileReference; lastKnownFileType = sourcecode.swift; path = CustomLayout.swift; sourceTree = "<group>"; };
		6C952286279343B100B11FF8 /* NewsTableVC.swift */ = {isa = PBXFileReference; lastKnownFileType = sourcecode.swift; path = NewsTableVC.swift; sourceTree = "<group>"; };
		6C952289279349EA00B11FF8 /* AvatarCell.swift */ = {isa = PBXFileReference; lastKnownFileType = sourcecode.swift; path = AvatarCell.swift; sourceTree = "<group>"; };
		6C95228A279349EA00B11FF8 /* AvatarCell.xib */ = {isa = PBXFileReference; lastKnownFileType = file.xib; path = AvatarCell.xib; sourceTree = "<group>"; };
		6C95228D279350E400B11FF8 /* DescriptionCell.swift */ = {isa = PBXFileReference; lastKnownFileType = sourcecode.swift; path = DescriptionCell.swift; sourceTree = "<group>"; };
		6C95228E279350E400B11FF8 /* DescriptionCell.xib */ = {isa = PBXFileReference; lastKnownFileType = file.xib; path = DescriptionCell.xib; sourceTree = "<group>"; };
		6C952291279351EB00B11FF8 /* News.swift */ = {isa = PBXFileReference; lastKnownFileType = sourcecode.swift; path = News.swift; sourceTree = "<group>"; };
		6C9522932793641C00B11FF8 /* ImageCell.swift */ = {isa = PBXFileReference; lastKnownFileType = sourcecode.swift; path = ImageCell.swift; sourceTree = "<group>"; };
		6C9522942793641C00B11FF8 /* ImageCell.xib */ = {isa = PBXFileReference; lastKnownFileType = file.xib; path = ImageCell.xib; sourceTree = "<group>"; };
		6C9522972794191D00B11FF8 /* newsActionsCell.swift */ = {isa = PBXFileReference; lastKnownFileType = sourcecode.swift; path = newsActionsCell.swift; sourceTree = "<group>"; };
		6C9522982794191D00B11FF8 /* newsActionsCell.xib */ = {isa = PBXFileReference; lastKnownFileType = file.xib; path = newsActionsCell.xib; sourceTree = "<group>"; };
		6C9CF6AD27A125A7005E0699 /* CustomNavController.swift */ = {isa = PBXFileReference; lastKnownFileType = sourcecode.swift; path = CustomNavController.swift; sourceTree = "<group>"; };
		6C9CF6AF27A12C4C005E0699 /* NavigationAnimators.swift */ = {isa = PBXFileReference; lastKnownFileType = sourcecode.swift; path = NavigationAnimators.swift; sourceTree = "<group>"; };
		6CA8688F2781DA8900E23E86 /* PhotoItem.swift */ = {isa = PBXFileReference; lastKnownFileType = sourcecode.swift; path = PhotoItem.swift; sourceTree = "<group>"; };
		6CA868902781DA8900E23E86 /* PhotoItem.xib */ = {isa = PBXFileReference; lastKnownFileType = file.xib; path = PhotoItem.xib; sourceTree = "<group>"; };
		6CC9FC80276A546C00728F63 /* VkApp.app */ = {isa = PBXFileReference; explicitFileType = wrapper.application; includeInIndex = 0; path = VkApp.app; sourceTree = BUILT_PRODUCTS_DIR; };
		6CC9FC83276A546C00728F63 /* AppDelegate.swift */ = {isa = PBXFileReference; lastKnownFileType = sourcecode.swift; path = AppDelegate.swift; sourceTree = "<group>"; };
		6CC9FC85276A546C00728F63 /* SceneDelegate.swift */ = {isa = PBXFileReference; lastKnownFileType = sourcecode.swift; path = SceneDelegate.swift; sourceTree = "<group>"; };
		6CC9FC87276A546C00728F63 /* LoginViewController.swift */ = {isa = PBXFileReference; lastKnownFileType = sourcecode.swift; path = LoginViewController.swift; sourceTree = "<group>"; };
		6CC9FC8A276A546C00728F63 /* Base */ = {isa = PBXFileReference; lastKnownFileType = file.storyboard; name = Base; path = Base.lproj/Main.storyboard; sourceTree = "<group>"; };
		6CC9FC8C276A546D00728F63 /* Assets.xcassets */ = {isa = PBXFileReference; lastKnownFileType = folder.assetcatalog; path = Assets.xcassets; sourceTree = "<group>"; };
		6CC9FC8F276A546D00728F63 /* Base */ = {isa = PBXFileReference; lastKnownFileType = file.storyboard; name = Base; path = Base.lproj/LaunchScreen.storyboard; sourceTree = "<group>"; };
		6CC9FC91276A546D00728F63 /* Info.plist */ = {isa = PBXFileReference; lastKnownFileType = text.plist.xml; path = Info.plist; sourceTree = "<group>"; };
		6CF2EBF827B669D800F2BABD /* VKLoginVC.swift */ = {isa = PBXFileReference; lastKnownFileType = sourcecode.swift; path = VKLoginVC.swift; sourceTree = "<group>"; };
		6CF2EBFA27B7818900F2BABD /* Requests.swift */ = {isa = PBXFileReference; lastKnownFileType = sourcecode.swift; path = Requests.swift; sourceTree = "<group>"; };
		6CF2EC1727B7E03600F2BABD /* Alamofire.xcodeproj */ = {isa = PBXFileReference; lastKnownFileType = "wrapper.pb-project"; name = Alamofire.xcodeproj; path = "Alamofire-master/Alamofire.xcodeproj"; sourceTree = "<group>"; };
/* End PBXFileReference section */

/* Begin PBXFrameworksBuildPhase section */
		6CC9FC7D276A546C00728F63 /* Frameworks */ = {
			isa = PBXFrameworksBuildPhase;
			buildActionMask = 2147483647;
			files = (
				6CF2EC3327B7E06100F2BABD /* Alamofire.framework in Frameworks */,
			);
			runOnlyForDeploymentPostprocessing = 0;
		};
/* End PBXFrameworksBuildPhase section */

/* Begin PBXGroup section */
		6C5DDA682784781900D831C6 /* Views */ = {
			isa = PBXGroup;
			children = (
				6C5DDA692784783F00D831C6 /* GradientView.swift */,
			);
			path = Views;
			sourceTree = "<group>";
		};
		6C74FEC02773CA11006E1694 /* Reusable Cells */ = {
			isa = PBXGroup;
			children = (
				6C952288279349BD00B11FF8 /* NewsTableCells */,
				6C95227E2792D36900B11FF8 /* Reusable CollectionSupView */,
				6C74FECB277510C9006E1694 /* CollectionCell */,
				6C74FEC12773CA57006E1694 /* TableCells */,
			);
			path = "Reusable Cells";
			sourceTree = "<group>";
		};
		6C74FEC12773CA57006E1694 /* TableCells */ = {
			isa = PBXGroup;
			children = (
				6C74FEC22773CAC2006E1694 /* FriendCell.swift */,
				6C74FEC32773CAC2006E1694 /* FriendCell.xib */,
				6C74FEC72774F505006E1694 /* GroupCell.swift */,
				6C74FEC82774F505006E1694 /* GroupCell.xib */,
			);
			path = TableCells;
			sourceTree = "<group>";
		};
		6C74FECB277510C9006E1694 /* CollectionCell */ = {
			isa = PBXGroup;
			children = (
				6CA8688F2781DA8900E23E86 /* PhotoItem.swift */,
				6CA868902781DA8900E23E86 /* PhotoItem.xib */,
			);
			path = CollectionCell;
			sourceTree = "<group>";
		};
		6C74FED02775A180006E1694 /* Modal */ = {
			isa = PBXGroup;
			children = (
				6C74FED12775A1A9006E1694 /* Group.swift */,
				6C74FED32775A1B3006E1694 /* User.swift */,
				6C952291279351EB00B11FF8 /* News.swift */,
				6C5D331C27B25CD900FDC112 /* Singleton.swift */,
				6CF2EBFA27B7818900F2BABD /* Requests.swift */,
			);
			path = Modal;
			sourceTree = "<group>";
		};
		6C74FEDC277A4999006E1694 /* Hacks */ = {
			isa = PBXGroup;
			children = (
				6C74FEDD277A49A8006E1694 /* AvatarView.swift */,
			);
			path = Hacks;
			sourceTree = "<group>";
		};
		6C95227E2792D36900B11FF8 /* Reusable CollectionSupView */ = {
			isa = PBXGroup;
			children = (
				6C95227F2792D3BB00B11FF8 /* SomeCollectionReusableView.swift */,
				6C9522802792D3BB00B11FF8 /* SomeCollectionReusableView.xib */,
			);
			path = "Reusable CollectionSupView";
			sourceTree = "<group>";
		};
		6C9522832793037300B11FF8 /* Custom Layout */ = {
			isa = PBXGroup;
			children = (
				6C952284279303B200B11FF8 /* CustomLayout.swift */,
			);
			path = "Custom Layout";
			sourceTree = "<group>";
		};
		6C952288279349BD00B11FF8 /* NewsTableCells */ = {
			isa = PBXGroup;
			children = (
				6C952289279349EA00B11FF8 /* AvatarCell.swift */,
				6C95228A279349EA00B11FF8 /* AvatarCell.xib */,
				6C95228D279350E400B11FF8 /* DescriptionCell.swift */,
				6C95228E279350E400B11FF8 /* DescriptionCell.xib */,
				6C9522932793641C00B11FF8 /* ImageCell.swift */,
				6C9522942793641C00B11FF8 /* ImageCell.xib */,
				6C9522972794191D00B11FF8 /* newsActionsCell.swift */,
				6C9522982794191D00B11FF8 /* newsActionsCell.xib */,
			);
			path = NewsTableCells;
			sourceTree = "<group>";
		};
		6C9CF6AC27A1256C005E0699 /* UIHelpers */ = {
			isa = PBXGroup;
			children = (
				6C9CF6AD27A125A7005E0699 /* CustomNavController.swift */,
				6C9CF6AF27A12C4C005E0699 /* NavigationAnimators.swift */,
				6C540F0A27A7C20E007D6026 /* CustomSegue.swift */,
			);
			path = UIHelpers;
			sourceTree = "<group>";
		};
		6CC9FC77276A546C00728F63 = {
			isa = PBXGroup;
			children = (
				6CF2EC1727B7E03600F2BABD /* Alamofire.xcodeproj */,
				6CC9FC82276A546C00728F63 /* VkApp */,
				6CC9FC81276A546C00728F63 /* Products */,
				6CF2EC3227B7E06100F2BABD /* Frameworks */,
			);
			sourceTree = "<group>";
		};
		6CC9FC81276A546C00728F63 /* Products */ = {
			isa = PBXGroup;
			children = (
				6CC9FC80276A546C00728F63 /* VkApp.app */,
			);
			name = Products;
			sourceTree = "<group>";
		};
		6CC9FC82276A546C00728F63 /* VkApp */ = {
			isa = PBXGroup;
			children = (
				6C9CF6AC27A1256C005E0699 /* UIHelpers */,
				6C5DDA682784781900D831C6 /* Views */,
				6C74FED02775A180006E1694 /* Modal */,
				6C74FEDC277A4999006E1694 /* Hacks */,
				6CC9FC97276A54FB00728F63 /* View */,
				6CC9FC98276A550D00728F63 /* ViewControllers */,
				6CC9FC99276A551700728F63 /* Source */,
				6CC9FC8C276A546D00728F63 /* Assets.xcassets */,
				6CC9FC91276A546D00728F63 /* Info.plist */,
			);
			path = VkApp;
			sourceTree = "<group>";
		};
		6CC9FC97276A54FB00728F63 /* View */ = {
			isa = PBXGroup;
			children = (
				6C9522832793037300B11FF8 /* Custom Layout */,
				6C74FEC02773CA11006E1694 /* Reusable Cells */,
				6CC9FC89276A546C00728F63 /* Main.storyboard */,
			);
			path = View;
			sourceTree = "<group>";
		};
		6CC9FC98276A550D00728F63 /* ViewControllers */ = {
			isa = PBXGroup;
			children = (
				6CC9FC87276A546C00728F63 /* LoginViewController.swift */,
				6C47360F276D0B4C0074C7B1 /* FriendsTableVC.swift */,
				6C473611276D0B610074C7B1 /* PhotosCollectionVC.swift */,
				6C473613276D0B890074C7B1 /* GroupsTableVC.swift */,
				6C473615276D0B9E0074C7B1 /* GroupSearcherTableVC.swift */,
				6C74FEDA2778AD60006E1694 /* TestVC.swift */,
				6C952286279343B100B11FF8 /* NewsTableVC.swift */,
				6C42AB6F2798271F0081ED49 /* StartVC.swift */,
				6C16B02F279AC2C200333D39 /* PhotoFullScrennVC.swift */,
				6CF2EBF827B669D800F2BABD /* VKLoginVC.swift */,
			);
			path = ViewControllers;
			sourceTree = "<group>";
		};
		6CC9FC99276A551700728F63 /* Source */ = {
			isa = PBXGroup;
			children = (
				6CC9FC83276A546C00728F63 /* AppDelegate.swift */,
				6CC9FC85276A546C00728F63 /* SceneDelegate.swift */,
				6CC9FC8E276A546D00728F63 /* LaunchScreen.storyboard */,
			);
			path = Source;
			sourceTree = "<group>";
		};
		6CF2EC1827B7E03600F2BABD /* Products */ = {
			isa = PBXGroup;
			children = (
				6CF2EC2327B7E03600F2BABD /* Alamofire.framework */,
				6CF2EC2527B7E03600F2BABD /* Alamofire iOS Tests.xctest */,
				6CF2EC2727B7E03600F2BABD /* Alamofire.framework */,
				6CF2EC2927B7E03600F2BABD /* Alamofire macOS Tests.xctest */,
				6CF2EC2B27B7E03600F2BABD /* Alamofire.framework */,
				6CF2EC2D27B7E03600F2BABD /* Alamofire tvOS Tests.xctest */,
				6CF2EC2F27B7E03600F2BABD /* Alamofire.framework */,
				6CF2EC3127B7E03600F2BABD /* Alamofire watchOS Tests.xctest */,
			);
			name = Products;
			sourceTree = "<group>";
		};
		6CF2EC3227B7E06100F2BABD /* Frameworks */ = {
			isa = PBXGroup;
			children = (
			);
			name = Frameworks;
			sourceTree = "<group>";
		};
/* End PBXGroup section */

/* Begin PBXNativeTarget section */
		6CC9FC7F276A546C00728F63 /* VkApp */ = {
			isa = PBXNativeTarget;
			buildConfigurationList = 6CC9FC94276A546D00728F63 /* Build configuration list for PBXNativeTarget "VkApp" */;
			buildPhases = (
				6CC9FC7C276A546C00728F63 /* Sources */,
				6CC9FC7D276A546C00728F63 /* Frameworks */,
				6CC9FC7E276A546C00728F63 /* Resources */,
				6CF2EC3527B7E06100F2BABD /* Embed Frameworks */,
			);
			buildRules = (
			);
			dependencies = (
			);
			name = VkApp;
			productName = WeatherApp;
			productReference = 6CC9FC80276A546C00728F63 /* VkApp.app */;
			productType = "com.apple.product-type.application";
		};
/* End PBXNativeTarget section */

/* Begin PBXProject section */
		6CC9FC78276A546C00728F63 /* Project object */ = {
			isa = PBXProject;
			attributes = {
				BuildIndependentTargetsInParallel = 1;
				LastSwiftUpdateCheck = 1310;
				LastUpgradeCheck = 1310;
				TargetAttributes = {
					6CC9FC7F276A546C00728F63 = {
						CreatedOnToolsVersion = 13.1;
					};
				};
			};
			buildConfigurationList = 6CC9FC7B276A546C00728F63 /* Build configuration list for PBXProject "VkApp" */;
			compatibilityVersion = "Xcode 13.0";
			developmentRegion = en;
			hasScannedForEncodings = 0;
			knownRegions = (
				en,
				Base,
			);
			mainGroup = 6CC9FC77276A546C00728F63;
			productRefGroup = 6CC9FC81276A546C00728F63 /* Products */;
			projectDirPath = "";
			projectReferences = (
				{
					ProductGroup = 6CF2EC1827B7E03600F2BABD /* Products */;
					ProjectRef = 6CF2EC1727B7E03600F2BABD /* Alamofire.xcodeproj */;
				},
			);
			projectRoot = "";
			targets = (
				6CC9FC7F276A546C00728F63 /* VkApp */,
			);
		};
/* End PBXProject section */

/* Begin PBXReferenceProxy section */
		6CF2EC2327B7E03600F2BABD /* Alamofire.framework */ = {
			isa = PBXReferenceProxy;
			fileType = wrapper.framework;
			path = Alamofire.framework;
			remoteRef = 6CF2EC2227B7E03600F2BABD /* PBXContainerItemProxy */;
			sourceTree = BUILT_PRODUCTS_DIR;
		};
		6CF2EC2527B7E03600F2BABD /* Alamofire iOS Tests.xctest */ = {
			isa = PBXReferenceProxy;
			fileType = wrapper.cfbundle;
			path = "Alamofire iOS Tests.xctest";
			remoteRef = 6CF2EC2427B7E03600F2BABD /* PBXContainerItemProxy */;
			sourceTree = BUILT_PRODUCTS_DIR;
		};
		6CF2EC2727B7E03600F2BABD /* Alamofire.framework */ = {
			isa = PBXReferenceProxy;
			fileType = wrapper.framework;
			path = Alamofire.framework;
			remoteRef = 6CF2EC2627B7E03600F2BABD /* PBXContainerItemProxy */;
			sourceTree = BUILT_PRODUCTS_DIR;
		};
		6CF2EC2927B7E03600F2BABD /* Alamofire macOS Tests.xctest */ = {
			isa = PBXReferenceProxy;
			fileType = wrapper.cfbundle;
			path = "Alamofire macOS Tests.xctest";
			remoteRef = 6CF2EC2827B7E03600F2BABD /* PBXContainerItemProxy */;
			sourceTree = BUILT_PRODUCTS_DIR;
		};
		6CF2EC2B27B7E03600F2BABD /* Alamofire.framework */ = {
			isa = PBXReferenceProxy;
			fileType = wrapper.framework;
			path = Alamofire.framework;
			remoteRef = 6CF2EC2A27B7E03600F2BABD /* PBXContainerItemProxy */;
			sourceTree = BUILT_PRODUCTS_DIR;
		};
		6CF2EC2D27B7E03600F2BABD /* Alamofire tvOS Tests.xctest */ = {
			isa = PBXReferenceProxy;
			fileType = wrapper.cfbundle;
			path = "Alamofire tvOS Tests.xctest";
			remoteRef = 6CF2EC2C27B7E03600F2BABD /* PBXContainerItemProxy */;
			sourceTree = BUILT_PRODUCTS_DIR;
		};
		6CF2EC2F27B7E03600F2BABD /* Alamofire.framework */ = {
			isa = PBXReferenceProxy;
			fileType = wrapper.framework;
			path = Alamofire.framework;
			remoteRef = 6CF2EC2E27B7E03600F2BABD /* PBXContainerItemProxy */;
			sourceTree = BUILT_PRODUCTS_DIR;
		};
		6CF2EC3127B7E03600F2BABD /* Alamofire watchOS Tests.xctest */ = {
			isa = PBXReferenceProxy;
			fileType = wrapper.cfbundle;
			path = "Alamofire watchOS Tests.xctest";
			remoteRef = 6CF2EC3027B7E03600F2BABD /* PBXContainerItemProxy */;
			sourceTree = BUILT_PRODUCTS_DIR;
		};
/* End PBXReferenceProxy section */

/* Begin PBXResourcesBuildPhase section */
		6CC9FC7E276A546C00728F63 /* Resources */ = {
			isa = PBXResourcesBuildPhase;
			buildActionMask = 2147483647;
			files = (
				6CC9FC90276A546D00728F63 /* LaunchScreen.storyboard in Resources */,
				6CC9FC8D276A546D00728F63 /* Assets.xcassets in Resources */,
				6CC9FC8B276A546C00728F63 /* Main.storyboard in Resources */,
				6C9522962793641C00B11FF8 /* ImageCell.xib in Resources */,
				6CA868922781DA8900E23E86 /* PhotoItem.xib in Resources */,
				6C952290279350E400B11FF8 /* DescriptionCell.xib in Resources */,
				6C9522822792D3BB00B11FF8 /* SomeCollectionReusableView.xib in Resources */,
				6C74FECA2774F505006E1694 /* GroupCell.xib in Resources */,
				6C95228C279349EA00B11FF8 /* AvatarCell.xib in Resources */,
				6C74FEC52773CAC2006E1694 /* FriendCell.xib in Resources */,
				6C95229A2794191D00B11FF8 /* newsActionsCell.xib in Resources */,
			);
			runOnlyForDeploymentPostprocessing = 0;
		};
/* End PBXResourcesBuildPhase section */

/* Begin PBXSourcesBuildPhase section */
		6CC9FC7C276A546C00728F63 /* Sources */ = {
			isa = PBXSourcesBuildPhase;
			buildActionMask = 2147483647;
			files = (
				6C74FED22775A1A9006E1694 /* Group.swift in Sources */,
				6CF2EBFB27B7818900F2BABD /* Requests.swift in Sources */,
				6C74FEC92774F505006E1694 /* GroupCell.swift in Sources */,
				6C473612276D0B610074C7B1 /* PhotosCollectionVC.swift in Sources */,
				6CC9FC88276A546C00728F63 /* LoginViewController.swift in Sources */,
				6C540F0B27A7C20E007D6026 /* CustomSegue.swift in Sources */,
				6C95228F279350E400B11FF8 /* DescriptionCell.swift in Sources */,
				6C16B030279AC2C200333D39 /* PhotoFullScrennVC.swift in Sources */,
				6C42AB702798271F0081ED49 /* StartVC.swift in Sources */,
				6C5D331D27B25CD900FDC112 /* Singleton.swift in Sources */,
				6CC9FC84276A546C00728F63 /* AppDelegate.swift in Sources */,
				6C5DDA6A2784783F00D831C6 /* GradientView.swift in Sources */,
				6C74FEC42773CAC2006E1694 /* FriendCell.swift in Sources */,
				6CC9FC86276A546C00728F63 /* SceneDelegate.swift in Sources */,
				6C952287279343B100B11FF8 /* NewsTableVC.swift in Sources */,
				6C74FEDE277A49A8006E1694 /* AvatarView.swift in Sources */,
				6C74FEDB2778AD61006E1694 /* TestVC.swift in Sources */,
				6C9522992794191D00B11FF8 /* newsActionsCell.swift in Sources */,
				6C95228B279349EA00B11FF8 /* AvatarCell.swift in Sources */,
				6C9522952793641C00B11FF8 /* ImageCell.swift in Sources */,
				6C952285279303B200B11FF8 /* CustomLayout.swift in Sources */,
				6C74FED42775A1B3006E1694 /* User.swift in Sources */,
				6C9522812792D3BB00B11FF8 /* SomeCollectionReusableView.swift in Sources */,
				6CA868912781DA8900E23E86 /* PhotoItem.swift in Sources */,
				6C473610276D0B4C0074C7B1 /* FriendsTableVC.swift in Sources */,
				6C952292279351EB00B11FF8 /* News.swift in Sources */,
				6C473616276D0B9E0074C7B1 /* GroupSearcherTableVC.swift in Sources */,
				6C9CF6AE27A125A7005E0699 /* CustomNavController.swift in Sources */,
				6C9CF6B027A12C4C005E0699 /* NavigationAnimators.swift in Sources */,
				6C473614276D0B890074C7B1 /* GroupsTableVC.swift in Sources */,
				6CF2EBF927B669D800F2BABD /* VKLoginVC.swift in Sources */,
			);
			runOnlyForDeploymentPostprocessing = 0;
		};
/* End PBXSourcesBuildPhase section */

/* Begin PBXVariantGroup section */
		6CC9FC89276A546C00728F63 /* Main.storyboard */ = {
			isa = PBXVariantGroup;
			children = (
				6CC9FC8A276A546C00728F63 /* Base */,
			);
			name = Main.storyboard;
			sourceTree = "<group>";
		};
		6CC9FC8E276A546D00728F63 /* LaunchScreen.storyboard */ = {
			isa = PBXVariantGroup;
			children = (
				6CC9FC8F276A546D00728F63 /* Base */,
			);
			name = LaunchScreen.storyboard;
			sourceTree = "<group>";
		};
/* End PBXVariantGroup section */

/* Begin XCBuildConfiguration section */
		6CC9FC92276A546D00728F63 /* Debug */ = {
			isa = XCBuildConfiguration;
			buildSettings = {
				ALWAYS_SEARCH_USER_PATHS = NO;
				CLANG_ANALYZER_NONNULL = YES;
				CLANG_ANALYZER_NUMBER_OBJECT_CONVERSION = YES_AGGRESSIVE;
				CLANG_CXX_LANGUAGE_STANDARD = "gnu++17";
				CLANG_CXX_LIBRARY = "libc++";
				CLANG_ENABLE_MODULES = YES;
				CLANG_ENABLE_OBJC_ARC = YES;
				CLANG_ENABLE_OBJC_WEAK = YES;
				CLANG_WARN_BLOCK_CAPTURE_AUTORELEASING = YES;
				CLANG_WARN_BOOL_CONVERSION = YES;
				CLANG_WARN_COMMA = YES;
				CLANG_WARN_CONSTANT_CONVERSION = YES;
				CLANG_WARN_DEPRECATED_OBJC_IMPLEMENTATIONS = YES;
				CLANG_WARN_DIRECT_OBJC_ISA_USAGE = YES_ERROR;
				CLANG_WARN_DOCUMENTATION_COMMENTS = YES;
				CLANG_WARN_EMPTY_BODY = YES;
				CLANG_WARN_ENUM_CONVERSION = YES;
				CLANG_WARN_INFINITE_RECURSION = YES;
				CLANG_WARN_INT_CONVERSION = YES;
				CLANG_WARN_NON_LITERAL_NULL_CONVERSION = YES;
				CLANG_WARN_OBJC_IMPLICIT_RETAIN_SELF = YES;
				CLANG_WARN_OBJC_LITERAL_CONVERSION = YES;
				CLANG_WARN_OBJC_ROOT_CLASS = YES_ERROR;
				CLANG_WARN_QUOTED_INCLUDE_IN_FRAMEWORK_HEADER = YES;
				CLANG_WARN_RANGE_LOOP_ANALYSIS = YES;
				CLANG_WARN_STRICT_PROTOTYPES = YES;
				CLANG_WARN_SUSPICIOUS_MOVE = YES;
				CLANG_WARN_UNGUARDED_AVAILABILITY = YES_AGGRESSIVE;
				CLANG_WARN_UNREACHABLE_CODE = YES;
				CLANG_WARN__DUPLICATE_METHOD_MATCH = YES;
				COPY_PHASE_STRIP = NO;
				DEBUG_INFORMATION_FORMAT = dwarf;
				ENABLE_STRICT_OBJC_MSGSEND = YES;
				ENABLE_TESTABILITY = YES;
				GCC_C_LANGUAGE_STANDARD = gnu11;
				GCC_DYNAMIC_NO_PIC = NO;
				GCC_NO_COMMON_BLOCKS = YES;
				GCC_OPTIMIZATION_LEVEL = 0;
				GCC_PREPROCESSOR_DEFINITIONS = (
					"DEBUG=1",
					"$(inherited)",
				);
				GCC_WARN_64_TO_32_BIT_CONVERSION = YES;
				GCC_WARN_ABOUT_RETURN_TYPE = YES_ERROR;
				GCC_WARN_UNDECLARED_SELECTOR = YES;
				GCC_WARN_UNINITIALIZED_AUTOS = YES_AGGRESSIVE;
				GCC_WARN_UNUSED_FUNCTION = YES;
				GCC_WARN_UNUSED_VARIABLE = YES;
				IPHONEOS_DEPLOYMENT_TARGET = 15.0;
				MTL_ENABLE_DEBUG_INFO = INCLUDE_SOURCE;
				MTL_FAST_MATH = YES;
				ONLY_ACTIVE_ARCH = YES;
				SDKROOT = iphoneos;
				SWIFT_ACTIVE_COMPILATION_CONDITIONS = DEBUG;
				SWIFT_OPTIMIZATION_LEVEL = "-Onone";
			};
			name = Debug;
		};
		6CC9FC93276A546D00728F63 /* Release */ = {
			isa = XCBuildConfiguration;
			buildSettings = {
				ALWAYS_SEARCH_USER_PATHS = NO;
				CLANG_ANALYZER_NONNULL = YES;
				CLANG_ANALYZER_NUMBER_OBJECT_CONVERSION = YES_AGGRESSIVE;
				CLANG_CXX_LANGUAGE_STANDARD = "gnu++17";
				CLANG_CXX_LIBRARY = "libc++";
				CLANG_ENABLE_MODULES = YES;
				CLANG_ENABLE_OBJC_ARC = YES;
				CLANG_ENABLE_OBJC_WEAK = YES;
				CLANG_WARN_BLOCK_CAPTURE_AUTORELEASING = YES;
				CLANG_WARN_BOOL_CONVERSION = YES;
				CLANG_WARN_COMMA = YES;
				CLANG_WARN_CONSTANT_CONVERSION = YES;
				CLANG_WARN_DEPRECATED_OBJC_IMPLEMENTATIONS = YES;
				CLANG_WARN_DIRECT_OBJC_ISA_USAGE = YES_ERROR;
				CLANG_WARN_DOCUMENTATION_COMMENTS = YES;
				CLANG_WARN_EMPTY_BODY = YES;
				CLANG_WARN_ENUM_CONVERSION = YES;
				CLANG_WARN_INFINITE_RECURSION = YES;
				CLANG_WARN_INT_CONVERSION = YES;
				CLANG_WARN_NON_LITERAL_NULL_CONVERSION = YES;
				CLANG_WARN_OBJC_IMPLICIT_RETAIN_SELF = YES;
				CLANG_WARN_OBJC_LITERAL_CONVERSION = YES;
				CLANG_WARN_OBJC_ROOT_CLASS = YES_ERROR;
				CLANG_WARN_QUOTED_INCLUDE_IN_FRAMEWORK_HEADER = YES;
				CLANG_WARN_RANGE_LOOP_ANALYSIS = YES;
				CLANG_WARN_STRICT_PROTOTYPES = YES;
				CLANG_WARN_SUSPICIOUS_MOVE = YES;
				CLANG_WARN_UNGUARDED_AVAILABILITY = YES_AGGRESSIVE;
				CLANG_WARN_UNREACHABLE_CODE = YES;
				CLANG_WARN__DUPLICATE_METHOD_MATCH = YES;
				COPY_PHASE_STRIP = NO;
				DEBUG_INFORMATION_FORMAT = "dwarf-with-dsym";
				ENABLE_NS_ASSERTIONS = NO;
				ENABLE_STRICT_OBJC_MSGSEND = YES;
				GCC_C_LANGUAGE_STANDARD = gnu11;
				GCC_NO_COMMON_BLOCKS = YES;
				GCC_WARN_64_TO_32_BIT_CONVERSION = YES;
				GCC_WARN_ABOUT_RETURN_TYPE = YES_ERROR;
				GCC_WARN_UNDECLARED_SELECTOR = YES;
				GCC_WARN_UNINITIALIZED_AUTOS = YES_AGGRESSIVE;
				GCC_WARN_UNUSED_FUNCTION = YES;
				GCC_WARN_UNUSED_VARIABLE = YES;
				IPHONEOS_DEPLOYMENT_TARGET = 15.0;
				MTL_ENABLE_DEBUG_INFO = NO;
				MTL_FAST_MATH = YES;
				SDKROOT = iphoneos;
				SWIFT_COMPILATION_MODE = wholemodule;
				SWIFT_OPTIMIZATION_LEVEL = "-O";
				VALIDATE_PRODUCT = YES;
			};
			name = Release;
		};
		6CC9FC95276A546D00728F63 /* Debug */ = {
			isa = XCBuildConfiguration;
			buildSettings = {
				ASSETCATALOG_COMPILER_APPICON_NAME = AppIcon;
				ASSETCATALOG_COMPILER_GLOBAL_ACCENT_COLOR_NAME = AccentColor;
				CODE_SIGN_IDENTITY = "Apple Development";
				CODE_SIGN_STYLE = Automatic;
				CURRENT_PROJECT_VERSION = 1;
				DEVELOPMENT_TEAM = AK35JG733X;
				GENERATE_INFOPLIST_FILE = YES;
				INFOPLIST_FILE = VkApp/Info.plist;
				INFOPLIST_KEY_UIApplicationSupportsIndirectInputEvents = YES;
				INFOPLIST_KEY_UILaunchStoryboardName = LaunchScreen;
				INFOPLIST_KEY_UIMainStoryboardFile = Main;
				INFOPLIST_KEY_UISupportedInterfaceOrientations_iPad = "UIInterfaceOrientationPortrait UIInterfaceOrientationPortraitUpsideDown UIInterfaceOrientationLandscapeLeft UIInterfaceOrientationLandscapeRight";
				INFOPLIST_KEY_UISupportedInterfaceOrientations_iPhone = "UIInterfaceOrientationPortrait UIInterfaceOrientationLandscapeLeft UIInterfaceOrientationLandscapeRight";
				LD_RUNPATH_SEARCH_PATHS = (
					"$(inherited)",
					"@executable_path/Frameworks",
				);
				MARKETING_VERSION = 1.0;
				PRODUCT_BUNDLE_IDENTIFIER = ip.myVkApp;
				PRODUCT_NAME = "$(TARGET_NAME)";
				PROVISIONING_PROFILE_SPECIFIER = "";
				SWIFT_EMIT_LOC_STRINGS = YES;
				SWIFT_VERSION = 5.0;
				TARGETED_DEVICE_FAMILY = "1,2";
			};
			name = Debug;
		};
		6CC9FC96276A546D00728F63 /* Release */ = {
			isa = XCBuildConfiguration;
			buildSettings = {
				ASSETCATALOG_COMPILER_APPICON_NAME = AppIcon;
				ASSETCATALOG_COMPILER_GLOBAL_ACCENT_COLOR_NAME = AccentColor;
				CODE_SIGN_IDENTITY = "Apple Development";
				CODE_SIGN_STYLE = Automatic;
				CURRENT_PROJECT_VERSION = 1;
				DEVELOPMENT_TEAM = AK35JG733X;
				GENERATE_INFOPLIST_FILE = YES;
				INFOPLIST_FILE = VkApp/Info.plist;
				INFOPLIST_KEY_UIApplicationSupportsIndirectInputEvents = YES;
				INFOPLIST_KEY_UILaunchStoryboardName = LaunchScreen;
				INFOPLIST_KEY_UIMainStoryboardFile = Main;
				INFOPLIST_KEY_UISupportedInterfaceOrientations_iPad = "UIInterfaceOrientationPortrait UIInterfaceOrientationPortraitUpsideDown UIInterfaceOrientationLandscapeLeft UIInterfaceOrientationLandscapeRight";
				INFOPLIST_KEY_UISupportedInterfaceOrientations_iPhone = "UIInterfaceOrientationPortrait UIInterfaceOrientationLandscapeLeft UIInterfaceOrientationLandscapeRight";
				LD_RUNPATH_SEARCH_PATHS = (
					"$(inherited)",
					"@executable_path/Frameworks",
				);
				MARKETING_VERSION = 1.0;
				PRODUCT_BUNDLE_IDENTIFIER = ip.myVkApp;
				PRODUCT_NAME = "$(TARGET_NAME)";
				PROVISIONING_PROFILE_SPECIFIER = "";
				SWIFT_EMIT_LOC_STRINGS = YES;
				SWIFT_VERSION = 5.0;
				TARGETED_DEVICE_FAMILY = "1,2";
			};
			name = Release;
		};
/* End XCBuildConfiguration section */

/* Begin XCConfigurationList section */
		6CC9FC7B276A546C00728F63 /* Build configuration list for PBXProject "VkApp" */ = {
			isa = XCConfigurationList;
			buildConfigurations = (
				6CC9FC92276A546D00728F63 /* Debug */,
				6CC9FC93276A546D00728F63 /* Release */,
			);
			defaultConfigurationIsVisible = 0;
			defaultConfigurationName = Release;
		};
		6CC9FC94276A546D00728F63 /* Build configuration list for PBXNativeTarget "VkApp" */ = {
			isa = XCConfigurationList;
			buildConfigurations = (
				6CC9FC95276A546D00728F63 /* Debug */,
				6CC9FC96276A546D00728F63 /* Release */,
			);
			defaultConfigurationIsVisible = 0;
			defaultConfigurationName = Release;
		};
/* End XCConfigurationList section */
	};
	rootObject = 6CC9FC78276A546C00728F63 /* Project object */;
}
